
Microsoft Visual Studio Solution File, Format Version 12.00
# Visual Studio Version 17
VisualStudioVersion = 17.6.33801.468
MinimumVisualStudioVersion = 10.0.40219.1
Project("{9A19103F-16F7-4668-BE54-9A1E7A4F7556}") = "XAFExample.Module", "XAFExample.Module\XAFExample.Module.csproj", "{C1348535-6E7D-43F8-A639-8BB6229801C1}"
EndProject
Project("{9A19103F-16F7-4668-BE54-9A1E7A4F7556}") = "XAFExample.Win", "XAFExample.Win\XAFExample.Win.csproj", "{CA29D6B7-511B-4189-BBD6-AEBBDDE3BBB9}"
EndProject
Project("{9A19103F-16F7-4668-BE54-9A1E7A4F7556}") = "XAFExample.Blazor.Server", "XAFExample.Blazor.Server\XAFExample.Blazor.Server.csproj", "{1BA1DFE2-3CED-427C-BA76-4572CF79A73B}"
EndProject
Global
	GlobalSection(SolutionConfigurationPlatforms) = preSolution
		Debug|Any CPU = Debug|Any CPU
		EasyTest|Any CPU = EasyTest|Any CPU
		Release|Any CPU = Release|Any CPU
	EndGlobalSection
	GlobalSection(ProjectConfigurationPlatforms) = postSolution
		{C1348535-6E7D-43F8-A639-8BB6229801C1}.Debug|Any CPU.ActiveCfg = Debug|Any CPU
		{C1348535-6E7D-43F8-A639-8BB6229801C1}.Debug|Any CPU.Build.0 = Debug|Any CPU
		{C1348535-6E7D-43F8-A639-8BB6229801C1}.EasyTest|Any CPU.ActiveCfg = EasyTest|Any CPU
		{C1348535-6E7D-43F8-A639-8BB6229801C1}.EasyTest|Any CPU.Build.0 = EasyTest|Any CPU
		{C1348535-6E7D-43F8-A639-8BB6229801C1}.Release|Any CPU.ActiveCfg = Release|Any CPU
		{C1348535-6E7D-43F8-A639-8BB6229801C1}.Release|Any CPU.Build.0 = Release|Any CPU
		{CA29D6B7-511B-4189-BBD6-AEBBDDE3BBB9}.Debug|Any CPU.ActiveCfg = Debug|Any CPU
		{CA29D6B7-511B-4189-BBD6-AEBBDDE3BBB9}.Debug|Any CPU.Build.0 = Debug|Any CPU
		{CA29D6B7-511B-4189-BBD6-AEBBDDE3BBB9}.EasyTest|Any CPU.ActiveCfg = EasyTest|Any CPU
		{CA29D6B7-511B-4189-BBD6-AEBBDDE3BBB9}.EasyTest|Any CPU.Build.0 = EasyTest|Any CPU
		{CA29D6B7-511B-4189-BBD6-AEBBDDE3BBB9}.Release|Any CPU.ActiveCfg = Release|Any CPU
		{CA29D6B7-511B-4189-BBD6-AEBBDDE3BBB9}.Release|Any CPU.Build.0 = Release|Any CPU
		{1BA1DFE2-3CED-427C-BA76-4572CF79A73B}.Debug|Any CPU.ActiveCfg = Debug|Any CPU
		{1BA1DFE2-3CED-427C-BA76-4572CF79A73B}.Debug|Any CPU.Build.0 = Debug|Any CPU
		{1BA1DFE2-3CED-427C-BA76-4572CF79A73B}.EasyTest|Any CPU.ActiveCfg = EasyTest|Any CPU
		{1BA1DFE2-3CED-427C-BA76-4572CF79A73B}.EasyTest|Any CPU.Build.0 = EasyTest|Any CPU
		{1BA1DFE2-3CED-427C-BA76-4572CF79A73B}.Release|Any CPU.ActiveCfg = Release|Any CPU
		{1BA1DFE2-3CED-427C-BA76-4572CF79A73B}.Release|Any CPU.Build.0 = Release|Any CPU
	EndGlobalSection
	GlobalSection(SolutionProperties) = preSolution
		HideSolutionNode = FALSE
	EndGlobalSection
EndGlobal
